// !$*UTF8*$!
{
	archiveVersion = 1;
	classes = {
	};
	objectVersion = 56;
	objects = {

/* Begin PBXBuildFile section */
		92C814A42C9012180031999B /* AppDelegate.swift in Sources */ = {isa = PBXBuildFile; fileRef = 92C814A32C9012180031999B /* AppDelegate.swift */; };
		92C814A62C9012180031999B /* SceneDelegate.swift in Sources */ = {isa = PBXBuildFile; fileRef = 92C814A52C9012180031999B /* SceneDelegate.swift */; };
		92C814A82C9012180031999B /* ViewController.swift in Sources */ = {isa = PBXBuildFile; fileRef = 92C814A72C9012180031999B /* ViewController.swift */; };
		92C814AB2C9012180031999B /* Base in Resources */ = {isa = PBXBuildFile; fileRef = 92C814AA2C9012180031999B /* Base */; };
		92C814AD2C9012190031999B /* Assets.xcassets in Resources */ = {isa = PBXBuildFile; fileRef = 92C814AC2C9012190031999B /* Assets.xcassets */; };
		92C814B02C9012190031999B /* Base in Resources */ = {isa = PBXBuildFile; fileRef = 92C814AF2C9012190031999B /* Base */; };
		92C814BB2C9012190031999B /* BeadFastAppHomeScreen_UIKit_Tests.swift in Sources */ = {isa = PBXBuildFile; fileRef = 92C814BA2C9012190031999B /* BeadFastAppHomeScreen_UIKit_Tests.swift */; };
		92C814C52C9012190031999B /* BeadFastAppHomeScreen_UIKit_UITests.swift in Sources */ = {isa = PBXBuildFile; fileRef = 92C814C42C9012190031999B /* BeadFastAppHomeScreen_UIKit_UITests.swift */; };
		92C814C72C9012190031999B /* BeadFastAppHomeScreen_UIKit_UITestsLaunchTests.swift in Sources */ = {isa = PBXBuildFile; fileRef = 92C814C62C9012190031999B /* BeadFastAppHomeScreen_UIKit_UITestsLaunchTests.swift */; };
/* End PBXBuildFile section */

/* Begin PBXContainerItemProxy section */
		92C814B72C9012190031999B /* PBXContainerItemProxy */ = {
			isa = PBXContainerItemProxy;
			containerPortal = 92C814982C9012180031999B /* Project object */;
			proxyType = 1;
			remoteGlobalIDString = 92C8149F2C9012180031999B;
			remoteInfo = "BeadFastAppHomeScreen(UIKit)";
		};
		92C814C12C9012190031999B /* PBXContainerItemProxy */ = {
			isa = PBXContainerItemProxy;
			containerPortal = 92C814982C9012180031999B /* Project object */;
			proxyType = 1;
			remoteGlobalIDString = 92C8149F2C9012180031999B;
			remoteInfo = "BeadFastAppHomeScreen(UIKit)";
		};
/* End PBXContainerItemProxy section */

/* Begin PBXFileReference section */
		92C814A02C9012180031999B /* BeadFastAppHomeScreen(UIKit).app */ = {isa = PBXFileReference; explicitFileType = wrapper.application; includeInIndex = 0; path = "BeadFastAppHomeScreen(UIKit).app"; sourceTree = BUILT_PRODUCTS_DIR; };
		92C814A32C9012180031999B /* AppDelegate.swift */ = {isa = PBXFileReference; lastKnownFileType = sourcecode.swift; path = AppDelegate.swift; sourceTree = "<group>"; };
		92C814A52C9012180031999B /* SceneDelegate.swift */ = {isa = PBXFileReference; lastKnownFileType = sourcecode.swift; path = SceneDelegate.swift; sourceTree = "<group>"; };
		92C814A72C9012180031999B /* ViewController.swift */ = {isa = PBXFileReference; lastKnownFileType = sourcecode.swift; path = ViewController.swift; sourceTree = "<group>"; };
		92C814AA2C9012180031999B /* Base */ = {isa = PBXFileReference; lastKnownFileType = file.storyboard; name = Base; path = Base.lproj/Main.storyboard; sourceTree = "<group>"; };
		92C814AC2C9012190031999B /* Assets.xcassets */ = {isa = PBXFileReference; lastKnownFileType = folder.assetcatalog; path = Assets.xcassets; sourceTree = "<group>"; };
		92C814AF2C9012190031999B /* Base */ = {isa = PBXFileReference; lastKnownFileType = file.storyboard; name = Base; path = Base.lproj/LaunchScreen.storyboard; sourceTree = "<group>"; };
		92C814B12C9012190031999B /* Info.plist */ = {isa = PBXFileReference; lastKnownFileType = text.plist.xml; path = Info.plist; sourceTree = "<group>"; };
		92C814B62C9012190031999B /* BeadFastAppHomeScreen(UIKit)Tests.xctest */ = {isa = PBXFileReference; explicitFileType = wrapper.cfbundle; includeInIndex = 0; path = "BeadFastAppHomeScreen(UIKit)Tests.xctest"; sourceTree = BUILT_PRODUCTS_DIR; };
		92C814BA2C9012190031999B /* BeadFastAppHomeScreen_UIKit_Tests.swift */ = {isa = PBXFileReference; lastKnownFileType = sourcecode.swift; path = BeadFastAppHomeScreen_UIKit_Tests.swift; sourceTree = "<group>"; };
		92C814C02C9012190031999B /* BeadFastAppHomeScreen(UIKit)UITests.xctest */ = {isa = PBXFileReference; explicitFileType = wrapper.cfbundle; includeInIndex = 0; path = "BeadFastAppHomeScreen(UIKit)UITests.xctest"; sourceTree = BUILT_PRODUCTS_DIR; };
		92C814C42C9012190031999B /* BeadFastAppHomeScreen_UIKit_UITests.swift */ = {isa = PBXFileReference; lastKnownFileType = sourcecode.swift; path = BeadFastAppHomeScreen_UIKit_UITests.swift; sourceTree = "<group>"; };
		92C814C62C9012190031999B /* BeadFastAppHomeScreen_UIKit_UITestsLaunchTests.swift */ = {isa = PBXFileReference; lastKnownFileType = sourcecode.swift; path = BeadFastAppHomeScreen_UIKit_UITestsLaunchTests.swift; sourceTree = "<group>"; };
/* End PBXFileReference section */

/* Begin PBXFrameworksBuildPhase section */
		92C8149D2C9012180031999B /* Frameworks */ = {
			isa = PBXFrameworksBuildPhase;
			buildActionMask = 2147483647;
			files = (
			);
			runOnlyForDeploymentPostprocessing = 0;
		};
		92C814B32C9012190031999B /* Frameworks */ = {
			isa = PBXFrameworksBuildPhase;
			buildActionMask = 2147483647;
			files = (
			);
			runOnlyForDeploymentPostprocessing = 0;
		};
		92C814BD2C9012190031999B /* Frameworks */ = {
			isa = PBXFrameworksBuildPhase;
			buildActionMask = 2147483647;
			files = (
			);
			runOnlyForDeploymentPostprocessing = 0;
		};
/* End PBXFrameworksBuildPhase section */

/* Begin PBXGroup section */
		92C814972C9012180031999B = {
			isa = PBXGroup;
			children = (
				92C814A22C9012180031999B /* BeadFastAppHomeScreen(UIKit) */,
				92C814B92C9012190031999B /* BeadFastAppHomeScreen(UIKit)Tests */,
				92C814C32C9012190031999B /* BeadFastAppHomeScreen(UIKit)UITests */,
				92C814A12C9012180031999B /* Products */,
			);
			sourceTree = "<group>";
		};
		92C814A12C9012180031999B /* Products */ = {
			isa = PBXGroup;
			children = (
				92C814A02C9012180031999B /* BeadFastAppHomeScreen(UIKit).app */,
				92C814B62C9012190031999B /* BeadFastAppHomeScreen(UIKit)Tests.xctest */,
				92C814C02C9012190031999B /* BeadFastAppHomeScreen(UIKit)UITests.xctest */,
			);
			name = Products;
			sourceTree = "<group>";
		};
		92C814A22C9012180031999B /* BeadFastAppHomeScreen(UIKit) */ = {
			isa = PBXGroup;
			children = (
				92C814A32C9012180031999B /* AppDelegate.swift */,
				92C814A52C9012180031999B /* SceneDelegate.swift */,
				92C814A72C9012180031999B /* ViewController.swift */,
				92C814A92C9012180031999B /* Main.storyboard */,
				92C814AC2C9012190031999B /* Assets.xcassets */,
				92C814AE2C9012190031999B /* LaunchScreen.storyboard */,
				92C814B12C9012190031999B /* Info.plist */,
			);
			path = "BeadFastAppHomeScreen(UIKit)";
			sourceTree = "<group>";
		};
		92C814B92C9012190031999B /* BeadFastAppHomeScreen(UIKit)Tests */ = {
			isa = PBXGroup;
			children = (
				92C814BA2C9012190031999B /* BeadFastAppHomeScreen_UIKit_Tests.swift */,
			);
			path = "BeadFastAppHomeScreen(UIKit)Tests";
			sourceTree = "<group>";
		};
		92C814C32C9012190031999B /* BeadFastAppHomeScreen(UIKit)UITests */ = {
			isa = PBXGroup;
			children = (
				92C814C42C9012190031999B /* BeadFastAppHomeScreen_UIKit_UITests.swift */,
				92C814C62C9012190031999B /* BeadFastAppHomeScreen_UIKit_UITestsLaunchTests.swift */,
			);
			path = "BeadFastAppHomeScreen(UIKit)UITests";
			sourceTree = "<group>";
		};
/* End PBXGroup section */

/* Begin PBXNativeTarget section */
		92C8149F2C9012180031999B /* BeadFastAppHomeScreen(UIKit) */ = {
			isa = PBXNativeTarget;
			buildConfigurationList = 92C814CA2C9012190031999B /* Build configuration list for PBXNativeTarget "BeadFastAppHomeScreen(UIKit)" */;
			buildPhases = (
				92C8149C2C9012180031999B /* Sources */,
				92C8149D2C9012180031999B /* Frameworks */,
				92C8149E2C9012180031999B /* Resources */,
			);
			buildRules = (
			);
			dependencies = (
			);
			name = "BeadFastAppHomeScreen(UIKit)";
			productName = "BeadFastAppHomeScreen(UIKit)";
			productReference = 92C814A02C9012180031999B /* BeadFastAppHomeScreen(UIKit).app */;
			productType = "com.apple.product-type.application";
		};
		92C814B52C9012190031999B /* BeadFastAppHomeScreen(UIKit)Tests */ = {
			isa = PBXNativeTarget;
			buildConfigurationList = 92C814CD2C9012190031999B /* Build configuration list for PBXNativeTarget "BeadFastAppHomeScreen(UIKit)Tests" */;
			buildPhases = (
				92C814B22C9012190031999B /* Sources */,
				92C814B32C9012190031999B /* Frameworks */,
				92C814B42C9012190031999B /* Resources */,
			);
			buildRules = (
			);
			dependencies = (
				92C814B82C9012190031999B /* PBXTargetDependency */,
			);
			name = "BeadFastAppHomeScreen(UIKit)Tests";
			productName = "BeadFastAppHomeScreen(UIKit)Tests";
			productReference = 92C814B62C9012190031999B /* BeadFastAppHomeScreen(UIKit)Tests.xctest */;
			productType = "com.apple.product-type.bundle.unit-test";
		};
		92C814BF2C9012190031999B /* BeadFastAppHomeScreen(UIKit)UITests */ = {
			isa = PBXNativeTarget;
			buildConfigurationList = 92C814D02C9012190031999B /* Build configuration list for PBXNativeTarget "BeadFastAppHomeScreen(UIKit)UITests" */;
			buildPhases = (
				92C814BC2C9012190031999B /* Sources */,
				92C814BD2C9012190031999B /* Frameworks */,
				92C814BE2C9012190031999B /* Resources */,
			);
			buildRules = (
			);
			dependencies = (
				92C814C22C9012190031999B /* PBXTargetDependency */,
			);
			name = "BeadFastAppHomeScreen(UIKit)UITests";
			productName = "BeadFastAppHomeScreen(UIKit)UITests";
			productReference = 92C814C02C9012190031999B /* BeadFastAppHomeScreen(UIKit)UITests.xctest */;
			productType = "com.apple.product-type.bundle.ui-testing";
		};
/* End PBXNativeTarget section */

/* Begin PBXProject section */
		92C814982C9012180031999B /* Project object */ = {
			isa = PBXProject;
			attributes = {
				BuildIndependentTargetsInParallel = 1;
				LastSwiftUpdateCheck = 1540;
				LastUpgradeCheck = 1540;
				TargetAttributes = {
					92C8149F2C9012180031999B = {
						CreatedOnToolsVersion = 15.4;
					};
					92C814B52C9012190031999B = {
						CreatedOnToolsVersion = 15.4;
						TestTargetID = 92C8149F2C9012180031999B;
					};
					92C814BF2C9012190031999B = {
						CreatedOnToolsVersion = 15.4;
						TestTargetID = 92C8149F2C9012180031999B;
					};
				};
			};
			buildConfigurationList = 92C8149B2C9012180031999B /* Build configuration list for PBXProject "BeadFastAppHomeScreen(UIKit)" */;
			compatibilityVersion = "Xcode 14.0";
			developmentRegion = en;
			hasScannedForEncodings = 0;
			knownRegions = (
				en,
				Base,
			);
			mainGroup = 92C814972C9012180031999B;
			productRefGroup = 92C814A12C9012180031999B /* Products */;
			projectDirPath = "";
			projectRoot = "";
			targets = (
				92C8149F2C9012180031999B /* BeadFastAppHomeScreen(UIKit) */,
				92C814B52C9012190031999B /* BeadFastAppHomeScreen(UIKit)Tests */,
				92C814BF2C9012190031999B /* BeadFastAppHomeScreen(UIKit)UITests */,
			);
		};
/* End PBXProject section */

/* Begin PBXResourcesBuildPhase section */
		92C8149E2C9012180031999B /* Resources */ = {
			isa = PBXResourcesBuildPhase;
			buildActionMask = 2147483647;
			files = (
				92C814AD2C9012190031999B /* Assets.xcassets in Resources */,
				92C814B02C9012190031999B /* Base in Resources */,
				92C814AB2C9012180031999B /* Base in Resources */,
			);
			runOnlyForDeploymentPostprocessing = 0;
		};
		92C814B42C9012190031999B /* Resources */ = {
			isa = PBXResourcesBuildPhase;
			buildActionMask = 2147483647;
			files = (
			);
			runOnlyForDeploymentPostprocessing = 0;
		};
		92C814BE2C9012190031999B /* Resources */ = {
			isa = PBXResourcesBuildPhase;
			buildActionMask = 2147483647;
			files = (
			);
			runOnlyForDeploymentPostprocessing = 0;
		};
/* End PBXResourcesBuildPhase section */

/* Begin PBXSourcesBuildPhase section */
		92C8149C2C9012180031999B /* Sources */ = {
			isa = PBXSourcesBuildPhase;
			buildActionMask = 2147483647;
			files = (
				92C814A82C9012180031999B /* ViewController.swift in Sources */,
				92C814A42C9012180031999B /* AppDelegate.swift in Sources */,
				92C814A62C9012180031999B /* SceneDelegate.swift in Sources */,
			);
			runOnlyForDeploymentPostprocessing = 0;
		};
		92C814B22C9012190031999B /* Sources */ = {
			isa = PBXSourcesBuildPhase;
			buildActionMask = 2147483647;
			files = (
				92C814BB2C9012190031999B /* BeadFastAppHomeScreen_UIKit_Tests.swift in Sources */,
			);
			runOnlyForDeploymentPostprocessing = 0;
		};
		92C814BC2C9012190031999B /* Sources */ = {
			isa = PBXSourcesBuildPhase;
			buildActionMask = 2147483647;
			files = (
				92C814C72C9012190031999B /* BeadFastAppHomeScreen_UIKit_UITestsLaunchTests.swift in Sources */,
				92C814C52C9012190031999B /* BeadFastAppHomeScreen_UIKit_UITests.swift in Sources */,
			);
			runOnlyForDeploymentPostprocessing = 0;
		};
/* End PBXSourcesBuildPhase section */

/* Begin PBXTargetDependency section */
		92C814B82C9012190031999B /* PBXTargetDependency */ = {
			isa = PBXTargetDependency;
			target = 92C8149F2C9012180031999B /* BeadFastAppHomeScreen(UIKit) */;
			targetProxy = 92C814B72C9012190031999B /* PBXContainerItemProxy */;
		};
		92C814C22C9012190031999B /* PBXTargetDependency */ = {
			isa = PBXTargetDependency;
			target = 92C8149F2C9012180031999B /* BeadFastAppHomeScreen(UIKit) */;
			targetProxy = 92C814C12C9012190031999B /* PBXContainerItemProxy */;
		};
/* End PBXTargetDependency section */

/* Begin PBXVariantGroup section */
		92C814A92C9012180031999B /* Main.storyboard */ = {
			isa = PBXVariantGroup;
			children = (
				92C814AA2C9012180031999B /* Base */,
			);
			name = Main.storyboard;
			sourceTree = "<group>";
		};
		92C814AE2C9012190031999B /* LaunchScreen.storyboard */ = {
			isa = PBXVariantGroup;
			children = (
				92C814AF2C9012190031999B /* Base */,
			);
			name = LaunchScreen.storyboard;
			sourceTree = "<group>";
		};
/* End PBXVariantGroup section */

/* Begin XCBuildConfiguration section */
		92C814C82C9012190031999B /* Debug */ = {
			isa = XCBuildConfiguration;
			buildSettings = {
				ALWAYS_SEARCH_USER_PATHS = NO;
				ASSETCATALOG_COMPILER_GENERATE_SWIFT_ASSET_SYMBOL_EXTENSIONS = YES;
				CLANG_ANALYZER_NONNULL = YES;
				CLANG_ANALYZER_NUMBER_OBJECT_CONVERSION = YES_AGGRESSIVE;
				CLANG_CXX_LANGUAGE_STANDARD = "gnu++20";
				CLANG_ENABLE_MODULES = YES;
				CLANG_ENABLE_OBJC_ARC = YES;
				CLANG_ENABLE_OBJC_WEAK = YES;
				CLANG_WARN_BLOCK_CAPTURE_AUTORELEASING = YES;
				CLANG_WARN_BOOL_CONVERSION = YES;
				CLANG_WARN_COMMA = YES;
				CLANG_WARN_CONSTANT_CONVERSION = YES;
				CLANG_WARN_DEPRECATED_OBJC_IMPLEMENTATIONS = YES;
				CLANG_WARN_DIRECT_OBJC_ISA_USAGE = YES_ERROR;
				CLANG_WARN_DOCUMENTATION_COMMENTS = YES;
				CLANG_WARN_EMPTY_BODY = YES;
				CLANG_WARN_ENUM_CONVERSION = YES;
				CLANG_WARN_INFINITE_RECURSION = YES;
				CLANG_WARN_INT_CONVERSION = YES;
				CLANG_WARN_NON_LITERAL_NULL_CONVERSION = YES;
				CLANG_WARN_OBJC_IMPLICIT_RETAIN_SELF = YES;
				CLANG_WARN_OBJC_LITERAL_CONVERSION = YES;
				CLANG_WARN_OBJC_ROOT_CLASS = YES_ERROR;
				CLANG_WARN_QUOTED_INCLUDE_IN_FRAMEWORK_HEADER = YES;
				CLANG_WARN_RANGE_LOOP_ANALYSIS = YES;
				CLANG_WARN_STRICT_PROTOTYPES = YES;
				CLANG_WARN_SUSPICIOUS_MOVE = YES;
				CLANG_WARN_UNGUARDED_AVAILABILITY = YES_AGGRESSIVE;
				CLANG_WARN_UNREACHABLE_CODE = YES;
				CLANG_WARN__DUPLICATE_METHOD_MATCH = YES;
				COPY_PHASE_STRIP = NO;
				DEBUG_INFORMATION_FORMAT = dwarf;
				ENABLE_STRICT_OBJC_MSGSEND = YES;
				ENABLE_TESTABILITY = YES;
				ENABLE_USER_SCRIPT_SANDBOXING = YES;
				GCC_C_LANGUAGE_STANDARD = gnu17;
				GCC_DYNAMIC_NO_PIC = NO;
				GCC_NO_COMMON_BLOCKS = YES;
				GCC_OPTIMIZATION_LEVEL = 0;
				GCC_PREPROCESSOR_DEFINITIONS = (
					"DEBUG=1",
					"$(inherited)",
				);
				GCC_WARN_64_TO_32_BIT_CONVERSION = YES;
				GCC_WARN_ABOUT_RETURN_TYPE = YES_ERROR;
				GCC_WARN_UNDECLARED_SELECTOR = YES;
				GCC_WARN_UNINITIALIZED_AUTOS = YES_AGGRESSIVE;
				GCC_WARN_UNUSED_FUNCTION = YES;
				GCC_WARN_UNUSED_VARIABLE = YES;
				IPHONEOS_DEPLOYMENT_TARGET = 17.5;
				LOCALIZATION_PREFERS_STRING_CATALOGS = YES;
				MTL_ENABLE_DEBUG_INFO = INCLUDE_SOURCE;
				MTL_FAST_MATH = YES;
				ONLY_ACTIVE_ARCH = YES;
				SDKROOT = iphoneos;
				SWIFT_ACTIVE_COMPILATION_CONDITIONS = "DEBUG $(inherited)";
				SWIFT_OPTIMIZATION_LEVEL = "-Onone";
			};
			name = Debug;
		};
		92C814C92C9012190031999B /* Release */ = {
			isa = XCBuildConfiguration;
			buildSettings = {
				ALWAYS_SEARCH_USER_PATHS = NO;
				ASSETCATALOG_COMPILER_GENERATE_SWIFT_ASSET_SYMBOL_EXTENSIONS = YES;
				CLANG_ANALYZER_NONNULL = YES;
				CLANG_ANALYZER_NUMBER_OBJECT_CONVERSION = YES_AGGRESSIVE;
				CLANG_CXX_LANGUAGE_STANDARD = "gnu++20";
				CLANG_ENABLE_MODULES = YES;
				CLANG_ENABLE_OBJC_ARC = YES;
				CLANG_ENABLE_OBJC_WEAK = YES;
				CLANG_WARN_BLOCK_CAPTURE_AUTORELEASING = YES;
				CLANG_WARN_BOOL_CONVERSION = YES;
				CLANG_WARN_COMMA = YES;
				CLANG_WARN_CONSTANT_CONVERSION = YES;
				CLANG_WARN_DEPRECATED_OBJC_IMPLEMENTATIONS = YES;
				CLANG_WARN_DIRECT_OBJC_ISA_USAGE = YES_ERROR;
				CLANG_WARN_DOCUMENTATION_COMMENTS = YES;
				CLANG_WARN_EMPTY_BODY = YES;
				CLANG_WARN_ENUM_CONVERSION = YES;
				CLANG_WARN_INFINITE_RECURSION = YES;
				CLANG_WARN_INT_CONVERSION = YES;
				CLANG_WARN_NON_LITERAL_NULL_CONVERSION = YES;
				CLANG_WARN_OBJC_IMPLICIT_RETAIN_SELF = YES;
				CLANG_WARN_OBJC_LITERAL_CONVERSION = YES;
				CLANG_WARN_OBJC_ROOT_CLASS = YES_ERROR;
				CLANG_WARN_QUOTED_INCLUDE_IN_FRAMEWORK_HEADER = YES;
				CLANG_WARN_RANGE_LOOP_ANALYSIS = YES;
				CLANG_WARN_STRICT_PROTOTYPES = YES;
				CLANG_WARN_SUSPICIOUS_MOVE = YES;
				CLANG_WARN_UNGUARDED_AVAILABILITY = YES_AGGRESSIVE;
				CLANG_WARN_UNREACHABLE_CODE = YES;
				CLANG_WARN__DUPLICATE_METHOD_MATCH = YES;
				COPY_PHASE_STRIP = NO;
				DEBUG_INFORMATION_FORMAT = "dwarf-with-dsym";
				ENABLE_NS_ASSERTIONS = NO;
				ENABLE_STRICT_OBJC_MSGSEND = YES;
				ENABLE_USER_SCRIPT_SANDBOXING = YES;
				GCC_C_LANGUAGE_STANDARD = gnu17;
				GCC_NO_COMMON_BLOCKS = YES;
				GCC_WARN_64_TO_32_BIT_CONVERSION = YES;
				GCC_WARN_ABOUT_RETURN_TYPE = YES_ERROR;
				GCC_WARN_UNDECLARED_SELECTOR = YES;
				GCC_WARN_UNINITIALIZED_AUTOS = YES_AGGRESSIVE;
				GCC_WARN_UNUSED_FUNCTION = YES;
				GCC_WARN_UNUSED_VARIABLE = YES;
				IPHONEOS_DEPLOYMENT_TARGET = 17.5;
				LOCALIZATION_PREFERS_STRING_CATALOGS = YES;
				MTL_ENABLE_DEBUG_INFO = NO;
				MTL_FAST_MATH = YES;
				SDKROOT = iphoneos;
				SWIFT_COMPILATION_MODE = wholemodule;
				VALIDATE_PRODUCT = YES;
			};
			name = Release;
		};
		92C814CB2C9012190031999B /* Debug */ = {
			isa = XCBuildConfiguration;
			buildSettings = {
				ASSETCATALOG_COMPILER_APPICON_NAME = AppIcon;
				ASSETCATALOG_COMPILER_GLOBAL_ACCENT_COLOR_NAME = AccentColor;
				CODE_SIGN_STYLE = Automatic;
				CURRENT_PROJECT_VERSION = 1;
				DEVELOPMENT_TEAM = 9UAF3Q638J;
				GENERATE_INFOPLIST_FILE = YES;
				INFOPLIST_FILE = "BeadFastAppHomeScreen(UIKit)/Info.plist";
				INFOPLIST_KEY_UIApplicationSupportsIndirectInputEvents = YES;
				INFOPLIST_KEY_UILaunchStoryboardName = LaunchScreen;
				INFOPLIST_KEY_UIMainStoryboardFile = Main;
				INFOPLIST_KEY_UISupportedInterfaceOrientations_iPad = "UIInterfaceOrientationPortrait UIInterfaceOrientationPortraitUpsideDown UIInterfaceOrientationLandscapeLeft UIInterfaceOrientationLandscapeRight";
				INFOPLIST_KEY_UISupportedInterfaceOrientations_iPhone = "UIInterfaceOrientationPortrait UIInterfaceOrientationLandscapeLeft UIInterfaceOrientationLandscapeRight";
				LD_RUNPATH_SEARCH_PATHS = (
					"$(inherited)",
					"@executable_path/Frameworks",
				);
				MARKETING_VERSION = 1.0;
				PRODUCT_BUNDLE_IDENTIFIER = "minadawoud.BeadFastAppHomeScreen-UIKit-";
				PRODUCT_NAME = "$(TARGET_NAME)";
				SWIFT_EMIT_LOC_STRINGS = YES;
				SWIFT_VERSION = 5.0;
				TARGETED_DEVICE_FAMILY = "1,2";
			};
			name = Debug;
		};
		92C814CC2C9012190031999B /* Release */ = {
			isa = XCBuildConfiguration;
			buildSettings = {
				ASSETCATALOG_COMPILER_APPICON_NAME = AppIcon;
				ASSETCATALOG_COMPILER_GLOBAL_ACCENT_COLOR_NAME = AccentColor;
				CODE_SIGN_STYLE = Automatic;
				CURRENT_PROJECT_VERSION = 1;
				DEVELOPMENT_TEAM = 9UAF3Q638J;
				GENERATE_INFOPLIST_FILE = YES;
				INFOPLIST_FILE = "BeadFastAppHomeScreen(UIKit)/Info.plist";
				INFOPLIST_KEY_UIApplicationSupportsIndirectInputEvents = YES;
				INFOPLIST_KEY_UILaunchStoryboardName = LaunchScreen;
				INFOPLIST_KEY_UIMainStoryboardFile = Main;
				INFOPLIST_KEY_UISupportedInterfaceOrientations_iPad = "UIInterfaceOrientationPortrait UIInterfaceOrientationPortraitUpsideDown UIInterfaceOrientationLandscapeLeft UIInterfaceOrientationLandscapeRight";
				INFOPLIST_KEY_UISupportedInterfaceOrientations_iPhone = "UIInterfaceOrientationPortrait UIInterfaceOrientationLandscapeLeft UIInterfaceOrientationLandscapeRight";
				LD_RUNPATH_SEARCH_PATHS = (
					"$(inherited)",
					"@executable_path/Frameworks",
				);
				MARKETING_VERSION = 1.0;
				PRODUCT_BUNDLE_IDENTIFIER = "minadawoud.BeadFastAppHomeScreen-UIKit-";
				PRODUCT_NAME = "$(TARGET_NAME)";
				SWIFT_EMIT_LOC_STRINGS = YES;
				SWIFT_VERSION = 5.0;
				TARGETED_DEVICE_FAMILY = "1,2";
			};
			name = Release;
		};
		92C814CE2C9012190031999B /* Debug */ = {
			isa = XCBuildConfiguration;
			buildSettings = {
				ALWAYS_EMBED_SWIFT_STANDARD_LIBRARIES = YES;
				BUNDLE_LOADER = "$(TEST_HOST)";
				CODE_SIGN_STYLE = Automatic;
				CURRENT_PROJECT_VERSION = 1;
				DEVELOPMENT_TEAM = 9UAF3Q638J;
				GENERATE_INFOPLIST_FILE = YES;
				IPHONEOS_DEPLOYMENT_TARGET = 17.5;
				MARKETING_VERSION = 1.0;
				PRODUCT_BUNDLE_IDENTIFIER = "minadawoud.BeadFastAppHomeScreen-UIKit-Tests";
				PRODUCT_NAME = "$(TARGET_NAME)";
				SWIFT_EMIT_LOC_STRINGS = NO;
				SWIFT_VERSION = 5.0;
				TARGETED_DEVICE_FAMILY = "1,2";
				TEST_HOST = "$(BUILT_PRODUCTS_DIR)/BeadFastAppHomeScreen(UIKit).app/$(BUNDLE_EXECUTABLE_FOLDER_PATH)/BeadFastAppHomeScreen(UIKit)";
			};
			name = Debug;
		};
		92C814CF2C9012190031999B /* Release */ = {
			isa = XCBuildConfiguration;
			buildSettings = {
				ALWAYS_EMBED_SWIFT_STANDARD_LIBRARIES = YES;
				BUNDLE_LOADER = "$(TEST_HOST)";
				CODE_SIGN_STYLE = Automatic;
				CURRENT_PROJECT_VERSION = 1;
				DEVELOPMENT_TEAM = 9UAF3Q638J;
				GENERATE_INFOPLIST_FILE = YES;
				IPHONEOS_DEPLOYMENT_TARGET = 17.5;
				MARKETING_VERSION = 1.0;
				PRODUCT_BUNDLE_IDENTIFIER = "minadawoud.BeadFastAppHomeScreen-UIKit-Tests";
				PRODUCT_NAME = "$(TARGET_NAME)";
				SWIFT_EMIT_LOC_STRINGS = NO;
				SWIFT_VERSION = 5.0;
				TARGETED_DEVICE_FAMILY = "1,2";
				TEST_HOST = "$(BUILT_PRODUCTS_DIR)/BeadFastAppHomeScreen(UIKit).app/$(BUNDLE_EXECUTABLE_FOLDER_PATH)/BeadFastAppHomeScreen(UIKit)";
			};
			name = Release;
		};
		92C814D12C9012190031999B /* Debug */ = {
			isa = XCBuildConfiguration;
			buildSettings = {
				ALWAYS_EMBED_SWIFT_STANDARD_LIBRARIES = YES;
				CODE_SIGN_STYLE = Automatic;
				CURRENT_PROJECT_VERSION = 1;
				DEVELOPMENT_TEAM = 9UAF3Q638J;
				GENERATE_INFOPLIST_FILE = YES;
				MARKETING_VERSION = 1.0;
				PRODUCT_BUNDLE_IDENTIFIER = "minadawoud.BeadFastAppHomeScreen-UIKit-UITests";
				PRODUCT_NAME = "$(TARGET_NAME)";
				SWIFT_EMIT_LOC_STRINGS = NO;
				SWIFT_VERSION = 5.0;
				TARGETED_DEVICE_FAMILY = "1,2";
				TEST_TARGET_NAME = "BeadFastAppHomeScreen(UIKit)";
			};
			name = Debug;
		};
		92C814D22C9012190031999B /* Release */ = {
			isa = XCBuildConfiguration;
			buildSettings = {
				ALWAYS_EMBED_SWIFT_STANDARD_LIBRARIES = YES;
				CODE_SIGN_STYLE = Automatic;
				CURRENT_PROJECT_VERSION = 1;
				DEVELOPMENT_TEAM = 9UAF3Q638J;
				GENERATE_INFOPLIST_FILE = YES;
				MARKETING_VERSION = 1.0;
				PRODUCT_BUNDLE_IDENTIFIER = "minadawoud.BeadFastAppHomeScreen-UIKit-UITests";
				PRODUCT_NAME = "$(TARGET_NAME)";
				SWIFT_EMIT_LOC_STRINGS = NO;
				SWIFT_VERSION = 5.0;
				TARGETED_DEVICE_FAMILY = "1,2";
				TEST_TARGET_NAME = "BeadFastAppHomeScreen(UIKit)";
			};
			name = Release;
		};
/* End XCBuildConfiguration section */

/* Begin XCConfigurationList section */
		92C8149B2C9012180031999B /* Build configuration list for PBXProject "BeadFastAppHomeScreen(UIKit)" */ = {
			isa = XCConfigurationList;
			buildConfigurations = (
				92C814C82C9012190031999B /* Debug */,
				92C814C92C9012190031999B /* Release */,
			);
			defaultConfigurationIsVisible = 0;
			defaultConfigurationName = Release;
		};
		92C814CA2C9012190031999B /* Build configuration list for PBXNativeTarget "BeadFastAppHomeScreen(UIKit)" */ = {
			isa = XCConfigurationList;
			buildConfigurations = (
				92C814CB2C9012190031999B /* Debug */,
				92C814CC2C9012190031999B /* Release */,
			);
			defaultConfigurationIsVisible = 0;
			defaultConfigurationName = Release;
		};
		92C814CD2C9012190031999B /* Build configuration list for PBXNativeTarget "BeadFastAppHomeScreen(UIKit)Tests" */ = {
			isa = XCConfigurationList;
			buildConfigurations = (
				92C814CE2C9012190031999B /* Debug */,
				92C814CF2C9012190031999B /* Release */,
			);
			defaultConfigurationIsVisible = 0;
			defaultConfigurationName = Release;
		};
		92C814D02C9012190031999B /* Build configuration list for PBXNativeTarget "BeadFastAppHomeScreen(UIKit)UITests" */ = {
			isa = XCConfigurationList;
			buildConfigurations = (
				92C814D12C9012190031999B /* Debug */,
				92C814D22C9012190031999B /* Release */,
			);
			defaultConfigurationIsVisible = 0;
			defaultConfigurationName = Release;
		};
/* End XCConfigurationList section */
	};
	rootObject = 92C814982C9012180031999B /* Project object */;
}
